# This file is autogenerated, do not edit; changes may be undone by the next 'dep ensure'.


[[projects]]
  digest = "1:052eec2069671c9f6918da4c4c1060f75bb298767531462165638209dbdd7eb3"
  name = "github.com/aead/chacha20"
  packages = [
    ".",
    "chacha",
  ]
  pruneopts = "UT"
  revision = "8d6ce0550041f9d97e7f15ec27ed489f8bbbb0fb"

[[projects]]
  branch = "master"
  digest = "1:69ac59bf8ab7c5fa754d35af3f892249cb9d0a76f73017fed586ca2794c64d57"
  name = "github.com/codahale/aesnicheck"
  packages = ["."]
  pruneopts = "UT"
  revision = "349fcc471aaccc29cd074e1275f1a494323826cd"

[[projects]]
  digest = "1:259651ca4058543532c88dbdd650fe99d8b02f785dceeae01ba0435a6c9f7c72"
  name = "github.com/cskr/pubsub"
  packages = ["."]
  pruneopts = "UT"
  revision = "a1dc30a0b38055a251f1f04ceb4cc1c7207b0540"
  version = "v1.0.1"

[[projects]]
  digest = "1:217f778e19b8d206112c21d21a7cc72ca3cb493b67631680a2324bc50335d432"
  name = "github.com/dgrijalva/jwt-go"
  packages = ["."]
  pruneopts = "UT"
  revision = "dbeaa9332f19a944acb5736b4456cfcc02140e29"
  version = "v3.1.0"

[[projects]]
  branch = "master"
  digest = "1:50a46ab1d5edbbdd55125b4d37f1bf503d0807c26461f9ad7b358d6006641d09"
  name = "github.com/flynn/go-shlex"
  packages = ["."]
  pruneopts = "UT"
  revision = "3f9db97f856818214da2e1057f8ad84803971cff"

[[projects]]
  digest = "1:ec6f9bf5e274c833c911923c9193867f3f18788c461f76f05f62bb1510e0ae65"
  name = "github.com/go-sql-driver/mysql"
  packages = ["."]
  pruneopts = "UT"
  revision = "72cd26f257d44c1114970e19afddcd812016007e"
  version = "v1.4.1"

[[projects]]
  digest = "1:ba7acd9c241949c9587d9c405c0ba7e0ee5b7cc7997b0e3df808649f6bc4a124"
  name = "github.com/golang-migrate/migrate"
  packages = [
    ".",
    "database",
    "database/mysql",
    "database/sqlite3",
    "source",
    "source/file",
  ]
  pruneopts = "UT"
  revision = "4937cd088f7c7193ee59b319c1c2caa7482aae8e"
  version = "v3.5.4"

[[projects]]
  digest = "1:c79fb010be38a59d657c48c6ba1d003a8aa651fa56b579d959d74573b7dff8e1"
  name = "github.com/gorilla/context"
  packages = ["."]
  pruneopts = "UT"
  revision = "08b5f424b9271eedf6f9f0ce86cb9396ed337a42"
  version = "v1.1.1"

[[projects]]
  digest = "1:e73f5b0152105f18bc131fba127d9949305c8693f8a762588a82a48f61756f5f"
  name = "github.com/gorilla/mux"
  packages = ["."]
  pruneopts = "UT"
  revision = "e3702bed27f0d39777b0b37b664b6280e8ef8fbf"
  version = "v1.6.2"

[[projects]]
  digest = "1:79576ac87462e99c534b249d53e759adf13ac9fc6e69d2011ff6963cda5fd7fc"
  name = "github.com/gorilla/securecookie"
  packages = ["."]
  pruneopts = "UT"
  revision = "667fe4e3466a040b780561fe9b51a83a3753eefc"
  version = "v1.1"

[[projects]]
  digest = "1:43dd08a10854b2056e615d1b1d22ac94559d822e1f8b6fcc92c1a1057e85188e"
  name = "github.com/gorilla/websocket"
  packages = ["."]
  pruneopts = "UT"
  revision = "ea4d1f681babbce9545c9c5f3d5194a789c89f5b"
  version = "v1.2.0"

[[projects]]
  branch = "master"
  digest = "1:4d9d876a856ada3b553062ac8e50331a9a539e12893c0c4a50d8ae2af4242685"
  name = "github.com/hashicorp/go-syslog"
  packages = ["."]
  pruneopts = "UT"
  revision = "326bf4a7f709d263f964a6a96558676b103f3534"

[[projects]]
  digest = "1:c419ae6e1a397c8a8eb15bcdc28c2e16bbcd148da9b4bdad6daf89f98a0a6b57"
  name = "github.com/hashicorp/golang-lru"
  packages = [
    ".",
    "simplelru",
  ]
  pruneopts = "UT"
  revision = "0a025b7e63adc15a622f29b0b2c4c3848243bbf6"

[[projects]]
  digest = "1:870d441fe217b8e689d7949fef6e43efbc787e50f200cb1e70dbca9204a1d6be"
  name = "github.com/inconshreveable/mousetrap"
  packages = ["."]
  pruneopts = "UT"
  revision = "76626ae9c91c4f2a10f34cad8ce83ea42c93bb75"
  version = "v1.0"

[[projects]]
  digest = "1:622f0825ed1efb077f6a1568588b6bd46986a8213318f08402f5de12ed122df0"
  name = "github.com/longsleep/go-metrics"
  packages = [
    "loggedwriter",
    "timing",
  ]
  pruneopts = "UT"
  revision = "c1943bcf904753d1e15df1aece374004792c2ac5"

[[projects]]
  digest = "1:245333286880c69a108340099b12cddef3eaf21bbd9bb38ed01f8b285c951524"
  name = "github.com/lucas-clemente/aes12"
  packages = ["."]
  pruneopts = "UT"
  revision = "25700e67be5c860bcc999137275b9ef8b65932bd"

[[projects]]
  branch = "master"
  digest = "1:5b0656547e7dcc567d915ef0babf9cba2b746ecf170b935e324922047571a2da"
  name = "github.com/lucas-clemente/fnv128a"
  packages = ["."]
  pruneopts = "UT"
  revision = "393af48d391698c6ae4219566bfbdfef67269997"

[[projects]]
  digest = "1:23d768b32b42a81d8530de761bf728f4a98361caba25bc9127403aca6cd9388d"
  name = "github.com/lucas-clemente/quic-go"
  packages = [
    ".",
    "ackhandler",
    "congestion",
    "crypto",
    "flowcontrol",
    "frames",
    "h2quic",
    "handshake",
    "internal/utils",
    "protocol",
    "qerr",
  ]
  pruneopts = "UT"
  revision = "a9e2a28315406f825cdfe41f8652110addeb84a5"

[[projects]]
  branch = "master"
  digest = "1:08b3484b0665f09be0f1f699a38e877708453795df07a3d6e4cd41fa7a2cabf0"
  name = "github.com/lucas-clemente/quic-go-certificates"
  packages = ["."]
  pruneopts = "UT"
  revision = "d2f86524cced5186554df90d92529757d22c1cb6"

[[projects]]
  digest = "1:4a49346ca45376a2bba679ca0e83bec949d780d4e927931317904bad482943ec"
  name = "github.com/mattn/go-sqlite3"
  packages = ["."]
  pruneopts = "UT"
  revision = "c7c4067b79cc51e6dfdcef5c702e74b1e0fa7c75"
  version = "v1.10.0"

[[projects]]
  digest = "1:031cbc05e4a35988630c013b1d708a427b0d36d4461a5787d8644381f293136f"
  name = "github.com/mholt/caddy"
  packages = [
    ".",
    "caddyfile",
    "caddyhttp/httpserver",
    "caddyhttp/proxy",
    "caddyhttp/staticfiles",
    "caddytls",
  ]
  pruneopts = "UT"
  revision = "c4dfbb9956095c92d0586a52723748c070c7b459"
  version = "v0.10.10"

[[projects]]
  digest = "1:e35b22fd32c416ec3d5977cf1e2d8399f81e2bb9458e04541a25b6e68d52fda1"
  name = "github.com/miekg/dns"
  packages = ["."]
  pruneopts = "UT"
  revision = "0f3adef2e2201d72e50309a36fc99d8a9d1a4960"

[[projects]]
  digest = "1:dade8939c7ee8702c6dcbdbd757383d82ce6a7c90128509ce9e598e594fb37b4"
  name = "github.com/orcaman/concurrent-map"
  packages = ["."]
  pruneopts = "UT"
  revision = "2ae17bc4c860c83513ee50feb9746f3e50d7515d"

[[projects]]
  digest = "1:a74ef97fdbc3734f005ffce612a830ec2ad384042ab90806edb91b0312e5f745"
  name = "github.com/rs/cors"
  packages = ["."]
  pruneopts = "UT"
  revision = "7af7a1e09ba336d2ea14b1ce73bf693c6837dbf6"
  version = "v1.2"

[[projects]]
  digest = "1:68a035fb064937766a06f82bb38cd349ff3c88cad23855dcaa0eb91a3bddff22"
  name = "github.com/russross/blackfriday"
  packages = ["."]
  pruneopts = "UT"
  revision = "067529f716f4c3f5e37c8c95ddd59df1007290ae"

[[projects]]
  digest = "1:5f2aaa360f48d1711795bd88c7e45a38f86cf81e4bc01453d20983baa67e2d51"
  name = "github.com/sirupsen/logrus"
  packages = ["."]
  pruneopts = "UT"
  revision = "f006c2ac4710855cf0f916dd6b77acf6b048dc6e"
  version = "v1.0.3"

[[projects]]
  digest = "1:7ffc0983035bc7e297da3688d9fe19d60a420e9c38bef23f845c53788ed6a05e"
  name = "github.com/spf13/cobra"
  packages = ["."]
  pruneopts = "UT"
  revision = "7b2c5ac9fc04fc5efafb60700713d4fa609b777b"
  version = "v0.0.1"

[[projects]]
  digest = "1:dab83a1bbc7ad3d7a6ba1a1cc1760f25ac38cdf7d96a5cdd55cd915a4f5ceaf9"
  name = "github.com/spf13/pflag"
  packages = ["."]
  pruneopts = "UT"
  revision = "9a97c102cda95a86cec2345a6f09f55a939babf5"
  version = "v1.0.2"

[[projects]]
  digest = "1:0cc9b8151b33a7791c264c8bb50414a5470a026acfcb40cf871deb2be40dd6f4"
  name = "github.com/xenolf/lego"
  packages = ["acme"]
  pruneopts = "UT"
  revision = "4dde48a9b9916926a8dd4f69639c8dba40930355"

[[projects]]
  digest = "1:8971a885bf6445aee5e5a4aec617363aaedc04af94222e335a83fa53acfbfd06"
  name = "golang.org/x/crypto"
  packages = [
    "curve25519",
    "ed25519",
    "ed25519/internal/edwards25519",
    "hkdf",
    "ocsp",
    "pbkdf2",
    "ssh/terminal",
  ]
  pruneopts = "UT"
  revision = "2faea1465de239e4babd8f5905cc25b781712442"

[[projects]]
  digest = "1:3b823e9f7ad6a2fcd97359939b34adcd1dc4bcbc20ae139af9d1e8f1c17da22c"
  name = "golang.org/x/net"
  packages = [
    "http2",
    "http2/hpack",
    "idna",
    "lex/httplex",
    "publicsuffix",
  ]
  pruneopts = "UT"
  revision = "f5079bd7f6f74e23c4d65efa0f4ce14cbd6a3c0f"

[[projects]]
  digest = "1:0316a8ad208917f1d141b077e278980fd5e4594f3a85f835dacbf24d85798252"
  name = "golang.org/x/sys"
  packages = ["unix"]
  pruneopts = "UT"
  revision = "14742f9018cd6651ec7364dc6ee08af0baaa1031"

[[projects]]
  digest = "1:97337ef8cb438f9e3a99ea91a300e916ed9a96fbf3ad50f9a020d30ea9f8692f"
  name = "golang.org/x/text"
  packages = [
    "internal/gen",
    "internal/triegen",
    "internal/ucd",
    "secure/bidirule",
    "transform",
    "unicode/bidi",
    "unicode/cldr",
    "unicode/norm",
    "unicode/rangetable",
  ]
  pruneopts = "UT"
  revision = "836efe42bb4aa16aaa17b9c155d8813d336ed720"

[[projects]]
  digest = "1:c25289f43ac4a68d88b02245742347c94f1e108c534dda442188015ff80669b3"
  name = "google.golang.org/appengine"
  packages = ["cloudsql"]
  pruneopts = "UT"
  revision = "4a4468ece617fc8205e99368fa2200e9d1fad421"
  version = "v1.3.0"

[[projects]]
  digest = "1:e02b10e6e68d289bd281aaee5cf5b2d295ae7b32960812e255668700d269592d"
  name = "gopkg.in/natefinch/lumberjack.v2"
  packages = ["."]
  pruneopts = "UT"
  revision = "df99d62fd42d8b3752c8a42c6723555372c02a03"

[[projects]]
  digest = "1:28485c3242fe3458af48523c426fe1661b76b23e202b3321db9a9becd672826e"
  name = "gopkg.in/square/go-jose.v1"
  packages = [
    ".",
    "cipher",
    "json",
  ]
  pruneopts = "UT"
  revision = "aa2e30fdd1fe9dd3394119af66451ae790d50e0d"
  version = "v1.1.0"

[[projects]]
  digest = "1:02d2c5be9a35ce750536e74af0d98aca806f225913a3ab28f285843d6283c70d"
  name = "gopkg.in/square/go-jose.v2"
  packages = [
    ".",
    "cipher",
    "json",
  ]
  pruneopts = "UT"
  revision = "8254d6c783765f38c8675fae4427a1fe73fbd09d"
  version = "v2.1.8"

[[projects]]
  digest = "1:3c656700eb897935c81e7825043c0d46c48dd1a85ff3628a310ad4a6131baec2"
  name = "stash.kopano.io/kc/libkcoidc"
  packages = ["."]
  pruneopts = "UT"
  revision = "36bf351b5b11444dc6a6a46d341575e08775be1a"
  version = "v0.4.3"

[[projects]]
  digest = "1:e004a22416b1063c30360a2a91beadb538fa8c103362e6c653aaa1de4d6bbb5e"
  name = "stash.kopano.io/kgol/rndm"
  packages = ["."]
  pruneopts = "UT"
  revision = "69ff9c69d5ce12d2fb19a552eab58ad657a5e8b2"
  version = "v1.0.0"

[[projects]]
  digest = "1:35fe95b6cc8a4075e19d3f27b3c57ded6a805f02d2195b075a7e1dd9e6b65bb9"
  name = "stash.kopano.io/kwm/kwmserver"
  packages = ["signaling/api-v1/connection"]
  pruneopts = "UT"
  revision = "2b6cb3d93b31c8d255a853d774959ac7e3565831"
  version = "v0.4.2"

[solve-meta]
  analyzer-name = "dep"
  analyzer-version = 1
  input-imports = [
    "github.com/cskr/pubsub",
    "github.com/dgrijalva/jwt-go",
    "github.com/go-sql-driver/mysql",
    "github.com/golang-migrate/migrate",
    "github.com/golang-migrate/migrate/database",
    "github.com/golang-migrate/migrate/database/mysql",
    "github.com/golang-migrate/migrate/database/sqlite3",
    "github.com/golang-migrate/migrate/source/file",
    "github.com/gorilla/mux",
    "github.com/gorilla/securecookie",
    "github.com/gorilla/websocket",
    "github.com/longsleep/go-metrics/loggedwriter",
    "github.com/longsleep/go-metrics/timing",
    "github.com/mattn/go-sqlite3",
    "github.com/mholt/caddy/caddyfile",
    "github.com/mholt/caddy/caddyhttp/proxy",
    "github.com/orcaman/concurrent-map",
    "github.com/rs/cors",
    "github.com/sirupsen/logrus",
    "github.com/spf13/cobra",
    "stash.kopano.io/kc/libkcoidc",
    "stash.kopano.io/kgol/rndm",
    "stash.kopano.io/kwm/kwmserver/signaling/api-v1/connection",
  ]
  solver-name = "gps-cdcl"
  solver-version = 1
